
Microsoft Visual Studio Solution File, Format Version 12.00
# Visual Studio Version 16
VisualStudioVersion = 16.0.31702.278
MinimumVisualStudioVersion = 10.0.40219.1
Project("{FAE04EC0-301F-11D3-BF4B-00C04F79EFBC}") = "HW_1_2", "HW_1_2\HW_1_2.csproj", "{72C7235E-162A-46F2-9CE4-428B77EF7D05}"
EndProject
Global
	GlobalSection(SolutionConfigurationPlatforms) = preSolution
		Debug|Any CPU = Debug|Any CPU
		Release|Any CPU = Release|Any CPU
	EndGlobalSection
	GlobalSection(ProjectConfigurationPlatforms) = postSolution
		{72C7235E-162A-46F2-9CE4-428B77EF7D05}.Debug|Any CPU.ActiveCfg = Debug|Any CPU
		{72C7235E-162A-46F2-9CE4-428B77EF7D05}.Debug|Any CPU.Build.0 = Debug|Any CPU
		{72C7235E-162A-46F2-9CE4-428B77EF7D05}.Release|Any CPU.ActiveCfg = Release|Any CPU
		{72C7235E-162A-46F2-9CE4-428B77EF7D05}.Release|Any CPU.Build.0 = Release|Any CPU
	EndGlobalSection
	GlobalSection(SolutionProperties) = preSolution
		HideSolutionNode = FALSE
	EndGlobalSection
	GlobalSection(ExtensibilityGlobals) = postSolution
		SolutionGuid = {0DDAC9DD-76A1-4EBF-B809-55ADE0924BA3}
	EndGlobalSection
EndGlobal
